
Microsoft Visual Studio Solution File, Format Version 12.00
# Visual Studio Version 16
VisualStudioVersion = 16.0.31105.61
MinimumVisualStudioVersion = 10.0.40219.1
Project("{FAE04EC0-301F-11D3-BF4B-00C04F79EFBC}") = "HttpContextItems", "HttpContextItems\HttpContextItems.csproj", "{511815A7-284F-489F-B627-06DD3E3F38DF}"
EndProject
Global
	GlobalSection(SolutionConfigurationPlatforms) = preSolution
		Debug|Any CPU = Debug|Any CPU
		Release|Any CPU = Release|Any CPU
	EndGlobalSection
	GlobalSection(ProjectConfigurationPlatforms) = postSolution
		{511815A7-284F-489F-B627-06DD3E3F38DF}.Debug|Any CPU.ActiveCfg = Debug|Any CPU
		{511815A7-284F-489F-B627-06DD3E3F38DF}.Debug|Any CPU.Build.0 = Debug|Any CPU
		{511815A7-284F-489F-B627-06DD3E3F38DF}.Release|Any CPU.ActiveCfg = Release|Any CPU
		{511815A7-284F-489F-B627-06DD3E3F38DF}.Release|Any CPU.Build.0 = Release|Any CPU
	EndGlobalSection
	GlobalSection(SolutionProperties) = preSolution
		HideSolutionNode = FALSE
	EndGlobalSection
	GlobalSection(ExtensibilityGlobals) = postSolution
		SolutionGuid = {E432F2B9-6B62-4D31-90AE-21AF92BBC63C}
	EndGlobalSection
EndGlobal
