
Microsoft Visual Studio Solution File, Format Version 12.00
# Visual Studio Version 16
VisualStudioVersion = 16.0.31105.61
MinimumVisualStudioVersion = 10.0.40219.1
Project("{FAE04EC0-301F-11D3-BF4B-00C04F79EFBC}") = "WebApplication2", "WebApplication2\WebApplication2.csproj", "{75B3421D-3FF3-4052-BDFA-1FFC36A5B190}"
EndProject
Global
	GlobalSection(SolutionConfigurationPlatforms) = preSolution
		Debug|Any CPU = Debug|Any CPU
		Release|Any CPU = Release|Any CPU
	EndGlobalSection
	GlobalSection(ProjectConfigurationPlatforms) = postSolution
		{75B3421D-3FF3-4052-BDFA-1FFC36A5B190}.Debug|Any CPU.ActiveCfg = Debug|Any CPU
		{75B3421D-3FF3-4052-BDFA-1FFC36A5B190}.Debug|Any CPU.Build.0 = Debug|Any CPU
		{75B3421D-3FF3-4052-BDFA-1FFC36A5B190}.Release|Any CPU.ActiveCfg = Release|Any CPU
		{75B3421D-3FF3-4052-BDFA-1FFC36A5B190}.Release|Any CPU.Build.0 = Release|Any CPU
	EndGlobalSection
	GlobalSection(SolutionProperties) = preSolution
		HideSolutionNode = FALSE
	EndGlobalSection
	GlobalSection(ExtensibilityGlobals) = postSolution
		SolutionGuid = {47100F22-F355-43E4-914B-A80C28F49BD9}
	EndGlobalSection
EndGlobal
