
Microsoft Visual Studio Solution File, Format Version 12.00
# Visual Studio Version 16
VisualStudioVersion = 16.0.31105.61
MinimumVisualStudioVersion = 10.0.40219.1
Project("{FAE04EC0-301F-11D3-BF4B-00C04F79EFBC}") = "ErrorProcessing", "ErrorProcessing\ErrorProcessing.csproj", "{BF42BC89-9FA4-4BDE-BF81-1253EC647C24}"
EndProject
Global
	GlobalSection(SolutionConfigurationPlatforms) = preSolution
		Debug|Any CPU = Debug|Any CPU
		Release|Any CPU = Release|Any CPU
	EndGlobalSection
	GlobalSection(ProjectConfigurationPlatforms) = postSolution
		{BF42BC89-9FA4-4BDE-BF81-1253EC647C24}.Debug|Any CPU.ActiveCfg = Debug|Any CPU
		{BF42BC89-9FA4-4BDE-BF81-1253EC647C24}.Debug|Any CPU.Build.0 = Debug|Any CPU
		{BF42BC89-9FA4-4BDE-BF81-1253EC647C24}.Release|Any CPU.ActiveCfg = Release|Any CPU
		{BF42BC89-9FA4-4BDE-BF81-1253EC647C24}.Release|Any CPU.Build.0 = Release|Any CPU
	EndGlobalSection
	GlobalSection(SolutionProperties) = preSolution
		HideSolutionNode = FALSE
	EndGlobalSection
	GlobalSection(ExtensibilityGlobals) = postSolution
		SolutionGuid = {A64341C6-BC87-4E17-9905-82645C47ABDA}
	EndGlobalSection
EndGlobal
