
Microsoft Visual Studio Solution File, Format Version 12.00
# Visual Studio Version 16
VisualStudioVersion = 16.0.31112.23
MinimumVisualStudioVersion = 10.0.40219.1
Project("{9092AA53-FB77-4645-B42D-1CCCA6BD08BD}") = "CreateFunction", "CreateFunction\CreateFunction.njsproj", "{42F7FCC1-A0F9-4234-B19B-2669CB901D64}"
EndProject
Global
	GlobalSection(SolutionConfigurationPlatforms) = preSolution
		Debug|Any CPU = Debug|Any CPU
		Release|Any CPU = Release|Any CPU
	EndGlobalSection
	GlobalSection(ProjectConfigurationPlatforms) = postSolution
		{42F7FCC1-A0F9-4234-B19B-2669CB901D64}.Debug|Any CPU.ActiveCfg = Debug|Any CPU
		{42F7FCC1-A0F9-4234-B19B-2669CB901D64}.Debug|Any CPU.Build.0 = Debug|Any CPU
		{42F7FCC1-A0F9-4234-B19B-2669CB901D64}.Release|Any CPU.ActiveCfg = Release|Any CPU
		{42F7FCC1-A0F9-4234-B19B-2669CB901D64}.Release|Any CPU.Build.0 = Release|Any CPU
	EndGlobalSection
	GlobalSection(SolutionProperties) = preSolution
		HideSolutionNode = FALSE
	EndGlobalSection
	GlobalSection(ExtensibilityGlobals) = postSolution
		SolutionGuid = {06AEAEAF-3082-4800-B539-FFD5023F57D3}
	EndGlobalSection
EndGlobal
