
Microsoft Visual Studio Solution File, Format Version 12.00
# Visual Studio Version 16
VisualStudioVersion = 16.0.31105.61
MinimumVisualStudioVersion = 10.0.40219.1
Project("{FAE04EC0-301F-11D3-BF4B-00C04F79EFBC}") = "CreateNewAreas", "CreateNewAreas\CreateNewAreas.csproj", "{A7046C62-A846-4047-A923-CF114132633B}"
EndProject
Global
	GlobalSection(SolutionConfigurationPlatforms) = preSolution
		Debug|Any CPU = Debug|Any CPU
		Release|Any CPU = Release|Any CPU
	EndGlobalSection
	GlobalSection(ProjectConfigurationPlatforms) = postSolution
		{A7046C62-A846-4047-A923-CF114132633B}.Debug|Any CPU.ActiveCfg = Debug|Any CPU
		{A7046C62-A846-4047-A923-CF114132633B}.Debug|Any CPU.Build.0 = Debug|Any CPU
		{A7046C62-A846-4047-A923-CF114132633B}.Release|Any CPU.ActiveCfg = Release|Any CPU
		{A7046C62-A846-4047-A923-CF114132633B}.Release|Any CPU.Build.0 = Release|Any CPU
	EndGlobalSection
	GlobalSection(SolutionProperties) = preSolution
		HideSolutionNode = FALSE
	EndGlobalSection
	GlobalSection(ExtensibilityGlobals) = postSolution
		SolutionGuid = {A284882F-37C3-4389-8BC6-985C9B48B8F1}
	EndGlobalSection
EndGlobal
