
Microsoft Visual Studio Solution File, Format Version 12.00
# Visual Studio Version 16
VisualStudioVersion = 16.0.31112.23
MinimumVisualStudioVersion = 10.0.40219.1
Project("{9092AA53-FB77-4645-B42D-1CCCA6BD08BD}") = "FirstApp", "FirstApp\FirstApp.njsproj", "{D2AA38A2-A325-4237-8FC0-58D55E7A767C}"
EndProject
Global
	GlobalSection(SolutionConfigurationPlatforms) = preSolution
		Debug|Any CPU = Debug|Any CPU
		Release|Any CPU = Release|Any CPU
	EndGlobalSection
	GlobalSection(ProjectConfigurationPlatforms) = postSolution
		{D2AA38A2-A325-4237-8FC0-58D55E7A767C}.Debug|Any CPU.ActiveCfg = Debug|Any CPU
		{D2AA38A2-A325-4237-8FC0-58D55E7A767C}.Debug|Any CPU.Build.0 = Debug|Any CPU
		{D2AA38A2-A325-4237-8FC0-58D55E7A767C}.Release|Any CPU.ActiveCfg = Release|Any CPU
		{D2AA38A2-A325-4237-8FC0-58D55E7A767C}.Release|Any CPU.Build.0 = Release|Any CPU
	EndGlobalSection
	GlobalSection(SolutionProperties) = preSolution
		HideSolutionNode = FALSE
	EndGlobalSection
	GlobalSection(ExtensibilityGlobals) = postSolution
		SolutionGuid = {4BC886AB-74F7-4593-A4DB-7494B0998EE7}
	EndGlobalSection
EndGlobal
