
Microsoft Visual Studio Solution File, Format Version 12.00
# Visual Studio Version 16
VisualStudioVersion = 16.0.31112.23
MinimumVisualStudioVersion = 10.0.40219.1
Project("{9092AA53-FB77-4645-B42D-1CCCA6BD08BD}") = "ClassInTypeScript", "ClassInTypeScript\ClassInTypeScript.njsproj", "{0BC7247A-97F5-4F08-83F9-F33F1B8D20F6}"
EndProject
Global
	GlobalSection(SolutionConfigurationPlatforms) = preSolution
		Debug|Any CPU = Debug|Any CPU
		Release|Any CPU = Release|Any CPU
	EndGlobalSection
	GlobalSection(ProjectConfigurationPlatforms) = postSolution
		{0BC7247A-97F5-4F08-83F9-F33F1B8D20F6}.Debug|Any CPU.ActiveCfg = Debug|Any CPU
		{0BC7247A-97F5-4F08-83F9-F33F1B8D20F6}.Debug|Any CPU.Build.0 = Debug|Any CPU
		{0BC7247A-97F5-4F08-83F9-F33F1B8D20F6}.Release|Any CPU.ActiveCfg = Release|Any CPU
		{0BC7247A-97F5-4F08-83F9-F33F1B8D20F6}.Release|Any CPU.Build.0 = Release|Any CPU
	EndGlobalSection
	GlobalSection(SolutionProperties) = preSolution
		HideSolutionNode = FALSE
	EndGlobalSection
	GlobalSection(ExtensibilityGlobals) = postSolution
		SolutionGuid = {37A60A46-B0C5-4885-B779-3D327C51D259}
	EndGlobalSection
EndGlobal
