
Microsoft Visual Studio Solution File, Format Version 12.00
# Visual Studio Version 16
VisualStudioVersion = 16.0.31105.61
MinimumVisualStudioVersion = 10.0.40219.1
Project("{FAE04EC0-301F-11D3-BF4B-00C04F79EFBC}") = "UseStaticFiles", "UseStaticFiles\UseStaticFiles.csproj", "{B598E512-08B8-4195-8C9D-EC516CB4CE90}"
EndProject
Global
	GlobalSection(SolutionConfigurationPlatforms) = preSolution
		Debug|Any CPU = Debug|Any CPU
		Release|Any CPU = Release|Any CPU
	EndGlobalSection
	GlobalSection(ProjectConfigurationPlatforms) = postSolution
		{B598E512-08B8-4195-8C9D-EC516CB4CE90}.Debug|Any CPU.ActiveCfg = Debug|Any CPU
		{B598E512-08B8-4195-8C9D-EC516CB4CE90}.Debug|Any CPU.Build.0 = Debug|Any CPU
		{B598E512-08B8-4195-8C9D-EC516CB4CE90}.Release|Any CPU.ActiveCfg = Release|Any CPU
		{B598E512-08B8-4195-8C9D-EC516CB4CE90}.Release|Any CPU.Build.0 = Release|Any CPU
	EndGlobalSection
	GlobalSection(SolutionProperties) = preSolution
		HideSolutionNode = FALSE
	EndGlobalSection
	GlobalSection(ExtensibilityGlobals) = postSolution
		SolutionGuid = {441A0151-031C-4911-9B06-C3BCE56DB9C1}
	EndGlobalSection
EndGlobal
