
Microsoft Visual Studio Solution File, Format Version 12.00
# Visual Studio Version 16
VisualStudioVersion = 16.0.31105.61
MinimumVisualStudioVersion = 10.0.40219.1
Project("{FAE04EC0-301F-11D3-BF4B-00C04F79EFBC}") = "ModelViewNew", "ModelViewNew\ModelViewNew.csproj", "{05F4F1BF-0B7F-4EAC-B0DA-2F07005EFD5D}"
EndProject
Global
	GlobalSection(SolutionConfigurationPlatforms) = preSolution
		Debug|Any CPU = Debug|Any CPU
		Release|Any CPU = Release|Any CPU
	EndGlobalSection
	GlobalSection(ProjectConfigurationPlatforms) = postSolution
		{05F4F1BF-0B7F-4EAC-B0DA-2F07005EFD5D}.Debug|Any CPU.ActiveCfg = Debug|Any CPU
		{05F4F1BF-0B7F-4EAC-B0DA-2F07005EFD5D}.Debug|Any CPU.Build.0 = Debug|Any CPU
		{05F4F1BF-0B7F-4EAC-B0DA-2F07005EFD5D}.Release|Any CPU.ActiveCfg = Release|Any CPU
		{05F4F1BF-0B7F-4EAC-B0DA-2F07005EFD5D}.Release|Any CPU.Build.0 = Release|Any CPU
	EndGlobalSection
	GlobalSection(SolutionProperties) = preSolution
		HideSolutionNode = FALSE
	EndGlobalSection
	GlobalSection(ExtensibilityGlobals) = postSolution
		SolutionGuid = {1892177D-5E2A-4DBB-9101-C0C6153AD968}
	EndGlobalSection
EndGlobal
